
Microsoft Visual Studio Solution File, Format Version 12.00
# Visual Studio Version 16
VisualStudioVersion = 16.0.30011.22
MinimumVisualStudioVersion = 10.0.40219.1
Project("{FAE04EC0-301F-11D3-BF4B-00C04F79EFBC}") = "OOP_2020", "OOP_2020\OOP_2020.csproj", "{8FC4C229-6C15-4DAC-AAD8-FBBF9553DD59}"
EndProject
Global
	GlobalSection(SolutionConfigurationPlatforms) = preSolution
		Debug|Any CPU = Debug|Any CPU
		Release|Any CPU = Release|Any CPU
	EndGlobalSection
	GlobalSection(ProjectConfigurationPlatforms) = postSolution
		{8FC4C229-6C15-4DAC-AAD8-FBBF9553DD59}.Debug|Any CPU.ActiveCfg = Debug|Any CPU
		{8FC4C229-6C15-4DAC-AAD8-FBBF9553DD59}.Debug|Any CPU.Build.0 = Debug|Any CPU
		{8FC4C229-6C15-4DAC-AAD8-FBBF9553DD59}.Release|Any CPU.ActiveCfg = Release|Any CPU
		{8FC4C229-6C15-4DAC-AAD8-FBBF9553DD59}.Release|Any CPU.Build.0 = Release|Any CPU
	EndGlobalSection
	GlobalSection(SolutionProperties) = preSolution
		HideSolutionNode = FALSE
	EndGlobalSection
	GlobalSection(ExtensibilityGlobals) = postSolution
		SolutionGuid = {FFD25DA8-DF86-4412-B6DA-7DAC532DF47C}
	EndGlobalSection
EndGlobal
